
Microsoft Visual Studio Solution File, Format Version 12.00
# Visual Studio 15
Project("{FAE04EC0-301F-11D3-BF4B-00C04F79EFBC}") = "SWXamarin.Android", "SWXamarin.Android\SWXamarin.Android.csproj", "{D501E727-5E3E-4461-8B60-276758C35F53}"
EndProject
Project("{FAE04EC0-301F-11D3-BF4B-00C04F79EFBC}") = "SWXamarin.iOS", "SWXamarin.iOS\SWXamarin.iOS.csproj", "{16B72239-CE11-44F8-9A8B-342D43FE1645}"
EndProject
Project("{FAE04EC0-301F-11D3-BF4B-00C04F79EFBC}") = "SWXamarin", "SWXamarin\SWXamarin.csproj", "{EAC951B9-4D36-4528-9526-2225C48062C3}"
EndProject
Global
	GlobalSection(SolutionConfigurationPlatforms) = preSolution
		Debug|Any CPU = Debug|Any CPU
		Release|Any CPU = Release|Any CPU
		Debug|iPhoneSimulator = Debug|iPhoneSimulator
		Release|iPhoneSimulator = Release|iPhoneSimulator
		Debug|iPhone = Debug|iPhone
		Release|iPhone = Release|iPhone
		Ad-Hoc|iPhone = Ad-Hoc|iPhone
		AppStore|iPhone = AppStore|iPhone
	EndGlobalSection
	GlobalSection(ProjectConfigurationPlatforms) = postSolution
		{D501E727-5E3E-4461-8B60-276758C35F53}.Debug|Any CPU.ActiveCfg = Debug|Any CPU
		{D501E727-5E3E-4461-8B60-276758C35F53}.Debug|Any CPU.Build.0 = Debug|Any CPU
		{D501E727-5E3E-4461-8B60-276758C35F53}.Release|Any CPU.ActiveCfg = Release|Any CPU
		{D501E727-5E3E-4461-8B60-276758C35F53}.Release|Any CPU.Build.0 = Release|Any CPU
		{D501E727-5E3E-4461-8B60-276758C35F53}.Debug|iPhoneSimulator.ActiveCfg = Debug|Any CPU
		{D501E727-5E3E-4461-8B60-276758C35F53}.Debug|iPhoneSimulator.Build.0 = Debug|Any CPU
		{D501E727-5E3E-4461-8B60-276758C35F53}.Release|iPhoneSimulator.ActiveCfg = Release|Any CPU
		{D501E727-5E3E-4461-8B60-276758C35F53}.Release|iPhoneSimulator.Build.0 = Release|Any CPU
		{D501E727-5E3E-4461-8B60-276758C35F53}.Debug|iPhone.ActiveCfg = Debug|Any CPU
		{D501E727-5E3E-4461-8B60-276758C35F53}.Debug|iPhone.Build.0 = Debug|Any CPU
		{D501E727-5E3E-4461-8B60-276758C35F53}.Release|iPhone.ActiveCfg = Release|Any CPU
		{D501E727-5E3E-4461-8B60-276758C35F53}.Release|iPhone.Build.0 = Release|Any CPU
		{D501E727-5E3E-4461-8B60-276758C35F53}.Ad-Hoc|iPhone.ActiveCfg = Debug|Any CPU
		{D501E727-5E3E-4461-8B60-276758C35F53}.Ad-Hoc|iPhone.Build.0 = Debug|Any CPU
		{D501E727-5E3E-4461-8B60-276758C35F53}.AppStore|iPhone.ActiveCfg = Debug|Any CPU
		{D501E727-5E3E-4461-8B60-276758C35F53}.AppStore|iPhone.Build.0 = Debug|Any CPU
		{16B72239-CE11-44F8-9A8B-342D43FE1645}.Debug|Any CPU.ActiveCfg = Debug|iPhoneSimulator
		{16B72239-CE11-44F8-9A8B-342D43FE1645}.Debug|Any CPU.Build.0 = Debug|iPhoneSimulator
		{16B72239-CE11-44F8-9A8B-342D43FE1645}.Release|Any CPU.ActiveCfg = Release|iPhoneSimulator
		{16B72239-CE11-44F8-9A8B-342D43FE1645}.Release|Any CPU.Build.0 = Release|iPhoneSimulator
		{16B72239-CE11-44F8-9A8B-342D43FE1645}.Debug|iPhoneSimulator.ActiveCfg = Debug|iPhoneSimulator
		{16B72239-CE11-44F8-9A8B-342D43FE1645}.Debug|iPhoneSimulator.Build.0 = Debug|iPhoneSimulator
		{16B72239-CE11-44F8-9A8B-342D43FE1645}.Release|iPhoneSimulator.ActiveCfg = Release|iPhoneSimulator
		{16B72239-CE11-44F8-9A8B-342D43FE1645}.Release|iPhoneSimulator.Build.0 = Release|iPhoneSimulator
		{16B72239-CE11-44F8-9A8B-342D43FE1645}.Debug|iPhone.ActiveCfg = Debug|iPhone
		{16B72239-CE11-44F8-9A8B-342D43FE1645}.Debug|iPhone.Build.0 = Debug|iPhone
		{16B72239-CE11-44F8-9A8B-342D43FE1645}.Release|iPhone.ActiveCfg = Release|iPhone
		{16B72239-CE11-44F8-9A8B-342D43FE1645}.Release|iPhone.Build.0 = Release|iPhone
		{16B72239-CE11-44F8-9A8B-342D43FE1645}.Ad-Hoc|iPhone.ActiveCfg = Ad-Hoc|iPhone
		{16B72239-CE11-44F8-9A8B-342D43FE1645}.Ad-Hoc|iPhone.Build.0 = Ad-Hoc|iPhone
		{16B72239-CE11-44F8-9A8B-342D43FE1645}.AppStore|iPhone.ActiveCfg = AppStore|iPhone
		{16B72239-CE11-44F8-9A8B-342D43FE1645}.AppStore|iPhone.Build.0 = AppStore|iPhone
		{EAC951B9-4D36-4528-9526-2225C48062C3}.Debug|Any CPU.ActiveCfg = Debug|Any CPU
		{EAC951B9-4D36-4528-9526-2225C48062C3}.Debug|Any CPU.Build.0 = Debug|Any CPU
		{EAC951B9-4D36-4528-9526-2225C48062C3}.Release|Any CPU.ActiveCfg = Release|Any CPU
		{EAC951B9-4D36-4528-9526-2225C48062C3}.Release|Any CPU.Build.0 = Release|Any CPU
		{EAC951B9-4D36-4528-9526-2225C48062C3}.Debug|iPhoneSimulator.ActiveCfg = Debug|Any CPU
		{EAC951B9-4D36-4528-9526-2225C48062C3}.Debug|iPhoneSimulator.Build.0 = Debug|Any CPU
		{EAC951B9-4D36-4528-9526-2225C48062C3}.Release|iPhoneSimulator.ActiveCfg = Release|Any CPU
		{EAC951B9-4D36-4528-9526-2225C48062C3}.Release|iPhoneSimulator.Build.0 = Release|Any CPU
		{EAC951B9-4D36-4528-9526-2225C48062C3}.Debug|iPhone.ActiveCfg = Debug|Any CPU
		{EAC951B9-4D36-4528-9526-2225C48062C3}.Debug|iPhone.Build.0 = Debug|Any CPU
		{EAC951B9-4D36-4528-9526-2225C48062C3}.Release|iPhone.ActiveCfg = Release|Any CPU
		{EAC951B9-4D36-4528-9526-2225C48062C3}.Release|iPhone.Build.0 = Release|Any CPU
		{EAC951B9-4D36-4528-9526-2225C48062C3}.Ad-Hoc|iPhone.ActiveCfg = Debug|Any CPU
		{EAC951B9-4D36-4528-9526-2225C48062C3}.Ad-Hoc|iPhone.Build.0 = Debug|Any CPU
		{EAC951B9-4D36-4528-9526-2225C48062C3}.AppStore|iPhone.ActiveCfg = Debug|Any CPU
		{EAC951B9-4D36-4528-9526-2225C48062C3}.AppStore|iPhone.Build.0 = Debug|Any CPU
	EndGlobalSection
EndGlobal
