Microsoft Visual Studio Solution File, Format Version 12.00
# Visual Studio 15
VisualStudioVersion = 15.0.28010.2041
MinimumVisualStudioVersion = 10.0.40219.1
Project("{FAE04EC0-301F-11D3-BF4B-00C04F79EFBC}") = "SWXamarin.Android", "SWXamarin.Android\SWXamarin.Android.csproj", "{D501E727-5E3E-4461-8B60-276758C35F53}"
EndProject
Project("{FAE04EC0-301F-11D3-BF4B-00C04F79EFBC}") = "SWXamarin.iOS", "SWXamarin.iOS\SWXamarin.iOS.csproj", "{16B72239-CE11-44F8-9A8B-342D43FE1645}"
EndProject
Project("{9A19103F-16F7-4668-BE54-9A1E7A4F7556}") = "SWXamarin", "SWXamarin\SWXamarin.csproj", "{EAC951B9-4D36-4528-9526-2225C48062C3}"
EndProject
Global
	GlobalSection(SolutionConfigurationPlatforms) = preSolution
		Ad-Hoc|Any CPU = Ad-Hoc|Any CPU
		Ad-Hoc|iPhone = Ad-Hoc|iPhone
		Ad-Hoc|iPhoneSimulator = Ad-Hoc|iPhoneSimulator
		AppStore|Any CPU = AppStore|Any CPU
		AppStore|iPhone = AppStore|iPhone
		AppStore|iPhoneSimulator = AppStore|iPhoneSimulator
		Debug|Any CPU = Debug|Any CPU
		Debug|iPhone = Debug|iPhone
		Debug|iPhoneSimulator = Debug|iPhoneSimulator
		Release|Any CPU = Release|Any CPU
		Release|iPhone = Release|iPhone
		Release|iPhoneSimulator = Release|iPhoneSimulator
	EndGlobalSection
	GlobalSection(ProjectConfigurationPlatforms) = postSolution
		{D501E727-5E3E-4461-8B60-276758C35F53}.Ad-Hoc|Any CPU.ActiveCfg = Release|Any CPU
		{D501E727-5E3E-4461-8B60-276758C35F53}.Ad-Hoc|Any CPU.Build.0 = Release|Any CPU
		{D501E727-5E3E-4461-8B60-276758C35F53}.Ad-Hoc|Any CPU.Deploy.0 = Release|Any CPU
		{D501E727-5E3E-4461-8B60-276758C35F53}.Ad-Hoc|iPhone.ActiveCfg = Debug|Any CPU
		{D501E727-5E3E-4461-8B60-276758C35F53}.Ad-Hoc|iPhone.Build.0 = Debug|Any CPU
		{D501E727-5E3E-4461-8B60-276758C35F53}.Ad-Hoc|iPhoneSimulator.ActiveCfg = Release|Any CPU
		{D501E727-5E3E-4461-8B60-276758C35F53}.Ad-Hoc|iPhoneSimulator.Build.0 = Release|Any CPU
		{D501E727-5E3E-4461-8B60-276758C35F53}.Ad-Hoc|iPhoneSimulator.Deploy.0 = Release|Any CPU
		{D501E727-5E3E-4461-8B60-276758C35F53}.AppStore|Any CPU.ActiveCfg = Release|Any CPU
		{D501E727-5E3E-4461-8B60-276758C35F53}.AppStore|Any CPU.Build.0 = Release|Any CPU
		{D501E727-5E3E-4461-8B60-276758C35F53}.AppStore|Any CPU.Deploy.0 = Release|Any CPU
		{D501E727-5E3E-4461-8B60-276758C35F53}.AppStore|iPhone.ActiveCfg = Debug|Any CPU
		{D501E727-5E3E-4461-8B60-276758C35F53}.AppStore|iPhone.Build.0 = Debug|Any CPU
		{D501E727-5E3E-4461-8B60-276758C35F53}.AppStore|iPhoneSimulator.ActiveCfg = Release|Any CPU
		{D501E727-5E3E-4461-8B60-276758C35F53}.AppStore|iPhoneSimulator.Build.0 = Release|Any CPU
		{D501E727-5E3E-4461-8B60-276758C35F53}.AppStore|iPhoneSimulator.Deploy.0 = Release|Any CPU
		{D501E727-5E3E-4461-8B60-276758C35F53}.Debug|Any CPU.ActiveCfg = Debug|Any CPU
		{D501E727-5E3E-4461-8B60-276758C35F53}.Debug|Any CPU.Build.0 = Debug|Any CPU
		{D501E727-5E3E-4461-8B60-276758C35F53}.Debug|iPhone.ActiveCfg = Debug|Any CPU
		{D501E727-5E3E-4461-8B60-276758C35F53}.Debug|iPhone.Build.0 = Debug|Any CPU
		{D501E727-5E3E-4461-8B60-276758C35F53}.Debug|iPhoneSimulator.ActiveCfg = Debug|Any CPU
		{D501E727-5E3E-4461-8B60-276758C35F53}.Debug|iPhoneSimulator.Build.0 = Debug|Any CPU
		{D501E727-5E3E-4461-8B60-276758C35F53}.Release|Any CPU.ActiveCfg = Release|Any CPU
		{D501E727-5E3E-4461-8B60-276758C35F53}.Release|Any CPU.Build.0 = Release|Any CPU
		{D501E727-5E3E-4461-8B60-276758C35F53}.Release|iPhone.ActiveCfg = Release|Any CPU
		{D501E727-5E3E-4461-8B60-276758C35F53}.Release|iPhone.Build.0 = Release|Any CPU
		{D501E727-5E3E-4461-8B60-276758C35F53}.Release|iPhoneSimulator.ActiveCfg = Release|Any CPU
		{D501E727-5E3E-4461-8B60-276758C35F53}.Release|iPhoneSimulator.Build.0 = Release|Any CPU
		{16B72239-CE11-44F8-9A8B-342D43FE1645}.Ad-Hoc|Any CPU.ActiveCfg = Ad-Hoc|iPhoneSimulator
		{16B72239-CE11-44F8-9A8B-342D43FE1645}.Ad-Hoc|iPhone.ActiveCfg = Ad-Hoc|iPhone
		{16B72239-CE11-44F8-9A8B-342D43FE1645}.Ad-Hoc|iPhone.Build.0 = Ad-Hoc|iPhone
		{16B72239-CE11-44F8-9A8B-342D43FE1645}.Ad-Hoc|iPhoneSimulator.ActiveCfg = Ad-Hoc|iPhoneSimulator
		{16B72239-CE11-44F8-9A8B-342D43FE1645}.Ad-Hoc|iPhoneSimulator.Build.0 = Ad-Hoc|iPhoneSimulator
		{16B72239-CE11-44F8-9A8B-342D43FE1645}.AppStore|Any CPU.ActiveCfg = AppStore|iPhoneSimulator
		{16B72239-CE11-44F8-9A8B-342D43FE1645}.AppStore|iPhone.ActiveCfg = AppStore|iPhone
		{16B72239-CE11-44F8-9A8B-342D43FE1645}.AppStore|iPhone.Build.0 = AppStore|iPhone
		{16B72239-CE11-44F8-9A8B-342D43FE1645}.AppStore|iPhoneSimulator.ActiveCfg = AppStore|iPhoneSimulator
		{16B72239-CE11-44F8-9A8B-342D43FE1645}.AppStore|iPhoneSimulator.Build.0 = AppStore|iPhoneSimulator
		{16B72239-CE11-44F8-9A8B-342D43FE1645}.Debug|Any CPU.ActiveCfg = Debug|iPhoneSimulator
		{16B72239-CE11-44F8-9A8B-342D43FE1645}.Debug|Any CPU.Build.0 = Debug|iPhoneSimulator
		{16B72239-CE11-44F8-9A8B-342D43FE1645}.Debug|iPhone.ActiveCfg = Debug|iPhone
		{16B72239-CE11-44F8-9A8B-342D43FE1645}.Debug|iPhone.Build.0 = Debug|iPhone
		{16B72239-CE11-44F8-9A8B-342D43FE1645}.Debug|iPhoneSimulator.ActiveCfg = Debug|iPhoneSimulator
		{16B72239-CE11-44F8-9A8B-342D43FE1645}.Debug|iPhoneSimulator.Build.0 = Debug|iPhoneSimulator
		{16B72239-CE11-44F8-9A8B-342D43FE1645}.Release|Any CPU.ActiveCfg = Release|iPhoneSimulator
		{16B72239-CE11-44F8-9A8B-342D43FE1645}.Release|Any CPU.Build.0 = Release|iPhoneSimulator
		{16B72239-CE11-44F8-9A8B-342D43FE1645}.Release|iPhone.ActiveCfg = Release|iPhone
		{16B72239-CE11-44F8-9A8B-342D43FE1645}.Release|iPhone.Build.0 = Release|iPhone
		{16B72239-CE11-44F8-9A8B-342D43FE1645}.Release|iPhoneSimulator.ActiveCfg = Release|iPhoneSimulator
		{16B72239-CE11-44F8-9A8B-342D43FE1645}.Release|iPhoneSimulator.Build.0 = Release|iPhoneSimulator
		{EAC951B9-4D36-4528-9526-2225C48062C3}.Ad-Hoc|Any CPU.ActiveCfg = Release|Any CPU
		{EAC951B9-4D36-4528-9526-2225C48062C3}.Ad-Hoc|Any CPU.Build.0 = Release|Any CPU
		{EAC951B9-4D36-4528-9526-2225C48062C3}.Ad-Hoc|iPhone.ActiveCfg = Debug|Any CPU
		{EAC951B9-4D36-4528-9526-2225C48062C3}.Ad-Hoc|iPhone.Build.0 = Debug|Any CPU
		{EAC951B9-4D36-4528-9526-2225C48062C3}.Ad-Hoc|iPhoneSimulator.ActiveCfg = Release|Any CPU
		{EAC951B9-4D36-4528-9526-2225C48062C3}.Ad-Hoc|iPhoneSimulator.Build.0 = Release|Any CPU
		{EAC951B9-4D36-4528-9526-2225C48062C3}.AppStore|Any CPU.ActiveCfg = Release|Any CPU
		{EAC951B9-4D36-4528-9526-2225C48062C3}.AppStore|Any CPU.Build.0 = Release|Any CPU
		{EAC951B9-4D36-4528-9526-2225C48062C3}.AppStore|iPhone.ActiveCfg = Debug|Any CPU
		{EAC951B9-4D36-4528-9526-2225C48062C3}.AppStore|iPhone.Build.0 = Debug|Any CPU
		{EAC951B9-4D36-4528-9526-2225C48062C3}.AppStore|iPhoneSimulator.ActiveCfg = Release|Any CPU
		{EAC951B9-4D36-4528-9526-2225C48062C3}.AppStore|iPhoneSimulator.Build.0 = Release|Any CPU
		{EAC951B9-4D36-4528-9526-2225C48062C3}.Debug|Any CPU.ActiveCfg = Debug|Any CPU
		{EAC951B9-4D36-4528-9526-2225C48062C3}.Debug|Any CPU.Build.0 = Debug|Any CPU
		{EAC951B9-4D36-4528-9526-2225C48062C3}.Debug|iPhone.ActiveCfg = Debug|Any CPU
		{EAC951B9-4D36-4528-9526-2225C48062C3}.Debug|iPhone.Build.0 = Debug|Any CPU
		{EAC951B9-4D36-4528-9526-2225C48062C3}.Debug|iPhoneSimulator.ActiveCfg = Debug|Any CPU
		{EAC951B9-4D36-4528-9526-2225C48062C3}.Debug|iPhoneSimulator.Build.0 = Debug|Any CPU
		{EAC951B9-4D36-4528-9526-2225C48062C3}.Release|Any CPU.ActiveCfg = Release|Any CPU
		{EAC951B9-4D36-4528-9526-2225C48062C3}.Release|Any CPU.Build.0 = Release|Any CPU
		{EAC951B9-4D36-4528-9526-2225C48062C3}.Release|iPhone.ActiveCfg = Release|Any CPU
		{EAC951B9-4D36-4528-9526-2225C48062C3}.Release|iPhone.Build.0 = Release|Any CPU
		{EAC951B9-4D36-4528-9526-2225C48062C3}.Release|iPhoneSimulator.ActiveCfg = Release|Any CPU
		{EAC951B9-4D36-4528-9526-2225C48062C3}.Release|iPhoneSimulator.Build.0 = Release|Any CPU
	EndGlobalSection
	GlobalSection(SolutionProperties) = preSolution
		HideSolutionNode = FALSE
	EndGlobalSection
	GlobalSection(ExtensibilityGlobals) = postSolution
		SolutionGuid = {734B420F-4462-4194-BDC9-449399704BC4}
	EndGlobalSection
EndGlobal
